
Microsoft Visual Studio Solution File, Format Version 12.00
# Visual Studio Version 16
VisualStudioVersion = 16.0.32002.261
MinimumVisualStudioVersion = 10.0.40219.1
Project("{F184B08F-C81C-45F6-A57F-5ABD9991F28F}") = "Operators", "Operators\Operators.vbproj", "{D0BB9EB6-38E0-49CD-A58B-BAB0BC7A4B80}"
EndProject
Global
	GlobalSection(SolutionConfigurationPlatforms) = preSolution
		Debug|Any CPU = Debug|Any CPU
		Release|Any CPU = Release|Any CPU
	EndGlobalSection
	GlobalSection(ProjectConfigurationPlatforms) = postSolution
		{D0BB9EB6-38E0-49CD-A58B-BAB0BC7A4B80}.Debug|Any CPU.ActiveCfg = Debug|Any CPU
		{D0BB9EB6-38E0-49CD-A58B-BAB0BC7A4B80}.Debug|Any CPU.Build.0 = Debug|Any CPU
		{D0BB9EB6-38E0-49CD-A58B-BAB0BC7A4B80}.Release|Any CPU.ActiveCfg = Release|Any CPU
		{D0BB9EB6-38E0-49CD-A58B-BAB0BC7A4B80}.Release|Any CPU.Build.0 = Release|Any CPU
	EndGlobalSection
	GlobalSection(SolutionProperties) = preSolution
		HideSolutionNode = FALSE
	EndGlobalSection
	GlobalSection(ExtensibilityGlobals) = postSolution
		SolutionGuid = {6D4D1D11-8EBC-4EE9-AE81-B55A5673DD88}
	EndGlobalSection
EndGlobal
